
Microsoft Visual Studio Solution File, Format Version 12.00
# Visual Studio Version 16
VisualStudioVersion = 16.0.31911.196
MinimumVisualStudioVersion = 10.0.40219.1
Project("{8BC9CEB8-8B4A-11D0-8D11-00A0C91BC942}") = "Estudiar_C++", "Estudiar_C++.vcxproj", "{F5C99B09-BCEE-42EB-B5D1-8EC7DA7E754F}"
EndProject
Global
	GlobalSection(SolutionConfigurationPlatforms) = preSolution
		Debug|x64 = Debug|x64
		Debug|x86 = Debug|x86
		Release|x64 = Release|x64
		Release|x86 = Release|x86
	EndGlobalSection
	GlobalSection(ProjectConfigurationPlatforms) = postSolution
		{F5C99B09-BCEE-42EB-B5D1-8EC7DA7E754F}.Debug|x64.ActiveCfg = Debug|x64
		{F5C99B09-BCEE-42EB-B5D1-8EC7DA7E754F}.Debug|x64.Build.0 = Debug|x64
		{F5C99B09-BCEE-42EB-B5D1-8EC7DA7E754F}.Debug|x86.ActiveCfg = Debug|Win32
		{F5C99B09-BCEE-42EB-B5D1-8EC7DA7E754F}.Debug|x86.Build.0 = Debug|Win32
		{F5C99B09-BCEE-42EB-B5D1-8EC7DA7E754F}.Release|x64.ActiveCfg = Release|x64
		{F5C99B09-BCEE-42EB-B5D1-8EC7DA7E754F}.Release|x64.Build.0 = Release|x64
		{F5C99B09-BCEE-42EB-B5D1-8EC7DA7E754F}.Release|x86.ActiveCfg = Release|Win32
		{F5C99B09-BCEE-42EB-B5D1-8EC7DA7E754F}.Release|x86.Build.0 = Release|Win32
	EndGlobalSection
	GlobalSection(SolutionProperties) = preSolution
		HideSolutionNode = FALSE
	EndGlobalSection
	GlobalSection(ExtensibilityGlobals) = postSolution
		SolutionGuid = {8D3B6B33-86D1-4877-9CC6-E75F6088D968}
	EndGlobalSection
EndGlobal
